{
  "name": "naming",
  "version": "1.0.0",
  "lockfileVersion": 1,
  "requires": true,
  "dependencies": {
    "minimist": {
      "version": "1.2.0",
      "resolved": "https://registry.npmjs.org/minimist/-/minimist-1.2.0.tgz",
      "integrity": "sha1-o1AIsg9BOD7sH7kU9M1d95omQoQ="
    },
    "ngram-word-generator": {
      "version": "1.2.0",
      "resolved": "https://registry.npmjs.org/ngram-word-generator/-/ngram-word-generator-1.2.0.tgz",
      "integrity": "sha1-VHbE1P62ZNEhv3r10BgTF/aFOtQ=",
      "requires": {
        "minimist": "1.2.0",
        "uniq": "1.0.1"
      }
    },
    "seed-random": {
      "version": "2.2.0",
      "resolved": "https://registry.npmjs.org/seed-random/-/seed-random-2.2.0.tgz",
      "integrity": "sha1-KpsZ4lCoFwmSMaW5mk2vgLf77VQ="
    },
    "uniq": {
      "version": "1.0.1",
      "resolved": "https://registry.npmjs.org/uniq/-/uniq-1.0.1.tgz",
      "integrity": "sha1-sxxa6CVIRKOoKBVBzisEuGWnNP8="
    }
  }
}
